
Microsoft Visual Studio Solution File, Format Version 12.00
# Visual Studio Version 17
VisualStudioVersion = 17.13.35931.197
MinimumVisualStudioVersion = 10.0.40219.1
Project("{FAE04EC0-301F-11D3-BF4B-00C04F79EFBC}") = "cloneCoding", "cloneCoding\cloneCoding.csproj", "{A01AD90C-E111-4947-98E6-0D7B3FC7A4F6}"
EndProject
Project("{FAE04EC0-301F-11D3-BF4B-00C04F79EFBC}") = "WpfLib", "WpfLib\WpfLib.csproj", "{5C8FA134-9011-4159-8D2B-C37C6EE3E7EB}"
EndProject
Global
	GlobalSection(SolutionConfigurationPlatforms) = preSolution
		Debug|Any CPU = Debug|Any CPU
		Release|Any CPU = Release|Any CPU
	EndGlobalSection
	GlobalSection(ProjectConfigurationPlatforms) = postSolution
		{A01AD90C-E111-4947-98E6-0D7B3FC7A4F6}.Debug|Any CPU.ActiveCfg = Debug|Any CPU
		{A01AD90C-E111-4947-98E6-0D7B3FC7A4F6}.Debug|Any CPU.Build.0 = Debug|Any CPU
		{A01AD90C-E111-4947-98E6-0D7B3FC7A4F6}.Release|Any CPU.ActiveCfg = Release|Any CPU
		{A01AD90C-E111-4947-98E6-0D7B3FC7A4F6}.Release|Any CPU.Build.0 = Release|Any CPU
		{5C8FA134-9011-4159-8D2B-C37C6EE3E7EB}.Debug|Any CPU.ActiveCfg = Debug|Any CPU
		{5C8FA134-9011-4159-8D2B-C37C6EE3E7EB}.Debug|Any CPU.Build.0 = Debug|Any CPU
		{5C8FA134-9011-4159-8D2B-C37C6EE3E7EB}.Release|Any CPU.ActiveCfg = Release|Any CPU
		{5C8FA134-9011-4159-8D2B-C37C6EE3E7EB}.Release|Any CPU.Build.0 = Release|Any CPU
	EndGlobalSection
	GlobalSection(SolutionProperties) = preSolution
		HideSolutionNode = FALSE
	EndGlobalSection
	GlobalSection(ExtensibilityGlobals) = postSolution
		SolutionGuid = {9B908796-E6B3-4ACA-B621-332D6CD92C1C}
	EndGlobalSection
EndGlobal
